
Microsoft Visual Studio Solution File, Format Version 12.00
# Visual Studio Version 16
VisualStudioVersion = 16.0.30717.126
MinimumVisualStudioVersion = 10.0.40219.1
Project("{FAE04EC0-301F-11D3-BF4B-00C04F79EFBC}") = "Assignment2_EAD", "Assignment2_EAD.csproj", "{F7FF5215-3B48-4448-B654-472F73C588D9}"
EndProject
Global
	GlobalSection(SolutionConfigurationPlatforms) = preSolution
		Debug|Any CPU = Debug|Any CPU
		Release|Any CPU = Release|Any CPU
	EndGlobalSection
	GlobalSection(ProjectConfigurationPlatforms) = postSolution
		{F7FF5215-3B48-4448-B654-472F73C588D9}.Debug|Any CPU.ActiveCfg = Debug|Any CPU
		{F7FF5215-3B48-4448-B654-472F73C588D9}.Debug|Any CPU.Build.0 = Debug|Any CPU
		{F7FF5215-3B48-4448-B654-472F73C588D9}.Release|Any CPU.ActiveCfg = Release|Any CPU
		{F7FF5215-3B48-4448-B654-472F73C588D9}.Release|Any CPU.Build.0 = Release|Any CPU
	EndGlobalSection
	GlobalSection(SolutionProperties) = preSolution
		HideSolutionNode = FALSE
	EndGlobalSection
	GlobalSection(ExtensibilityGlobals) = postSolution
		SolutionGuid = {4C6EE004-D095-4891-B8E9-0EB64F6472FC}
	EndGlobalSection
EndGlobal
