
Microsoft Visual Studio Solution File, Format Version 12.00
# Visual Studio Version 16
VisualStudioVersion = 16.0.30907.101
MinimumVisualStudioVersion = 10.0.40219.1
Project("{FAE04EC0-301F-11D3-BF4B-00C04F79EFBC}") = "ConsoleApp1", "ConsoleApp1.csproj", "{C9DCA155-9E68-4FDD-95AA-FD8697101D7D}"
EndProject
Global
	GlobalSection(SolutionConfigurationPlatforms) = preSolution
		Debug|Any CPU = Debug|Any CPU
		Release|Any CPU = Release|Any CPU
	EndGlobalSection
	GlobalSection(ProjectConfigurationPlatforms) = postSolution
		{C9DCA155-9E68-4FDD-95AA-FD8697101D7D}.Debug|Any CPU.ActiveCfg = Debug|Any CPU
		{C9DCA155-9E68-4FDD-95AA-FD8697101D7D}.Debug|Any CPU.Build.0 = Debug|Any CPU
		{C9DCA155-9E68-4FDD-95AA-FD8697101D7D}.Release|Any CPU.ActiveCfg = Release|Any CPU
		{C9DCA155-9E68-4FDD-95AA-FD8697101D7D}.Release|Any CPU.Build.0 = Release|Any CPU
	EndGlobalSection
	GlobalSection(SolutionProperties) = preSolution
		HideSolutionNode = FALSE
	EndGlobalSection
	GlobalSection(ExtensibilityGlobals) = postSolution
		SolutionGuid = {E65F6986-D576-4329-8372-70237F9E1F53}
	EndGlobalSection
EndGlobal
