
Microsoft Visual Studio Solution File, Format Version 12.00
# Visual Studio Version 16
VisualStudioVersion = 16.0.30907.101
MinimumVisualStudioVersion = 10.0.40219.1
Project("{FAE04EC0-301F-11D3-BF4B-00C04F79EFBC}") = "Task4", "Task4.csproj", "{D24D4399-B460-4637-A8F5-D6B4DC3E9151}"
EndProject
Global
	GlobalSection(SolutionConfigurationPlatforms) = preSolution
		Debug|Any CPU = Debug|Any CPU
		Release|Any CPU = Release|Any CPU
	EndGlobalSection
	GlobalSection(ProjectConfigurationPlatforms) = postSolution
		{D24D4399-B460-4637-A8F5-D6B4DC3E9151}.Debug|Any CPU.ActiveCfg = Debug|Any CPU
		{D24D4399-B460-4637-A8F5-D6B4DC3E9151}.Debug|Any CPU.Build.0 = Debug|Any CPU
		{D24D4399-B460-4637-A8F5-D6B4DC3E9151}.Release|Any CPU.ActiveCfg = Release|Any CPU
		{D24D4399-B460-4637-A8F5-D6B4DC3E9151}.Release|Any CPU.Build.0 = Release|Any CPU
	EndGlobalSection
	GlobalSection(SolutionProperties) = preSolution
		HideSolutionNode = FALSE
	EndGlobalSection
	GlobalSection(ExtensibilityGlobals) = postSolution
		SolutionGuid = {5D39596C-57B9-4ADC-ABE7-11C972614CF9}
	EndGlobalSection
EndGlobal
