
Microsoft Visual Studio Solution File, Format Version 12.00
# Visual Studio Version 16
VisualStudioVersion = 16.0.30907.101
MinimumVisualStudioVersion = 10.0.40219.1
Project("{FAE04EC0-301F-11D3-BF4B-00C04F79EFBC}") = "Task2", "Task2.csproj", "{1D997117-1390-4707-8CC6-0C0D58E685F6}"
EndProject
Global
	GlobalSection(SolutionConfigurationPlatforms) = preSolution
		Debug|Any CPU = Debug|Any CPU
		Release|Any CPU = Release|Any CPU
	EndGlobalSection
	GlobalSection(ProjectConfigurationPlatforms) = postSolution
		{1D997117-1390-4707-8CC6-0C0D58E685F6}.Debug|Any CPU.ActiveCfg = Debug|Any CPU
		{1D997117-1390-4707-8CC6-0C0D58E685F6}.Debug|Any CPU.Build.0 = Debug|Any CPU
		{1D997117-1390-4707-8CC6-0C0D58E685F6}.Release|Any CPU.ActiveCfg = Release|Any CPU
		{1D997117-1390-4707-8CC6-0C0D58E685F6}.Release|Any CPU.Build.0 = Release|Any CPU
	EndGlobalSection
	GlobalSection(SolutionProperties) = preSolution
		HideSolutionNode = FALSE
	EndGlobalSection
	GlobalSection(ExtensibilityGlobals) = postSolution
		SolutionGuid = {FE438F5E-DB22-4322-9687-D4B627C969D1}
	EndGlobalSection
EndGlobal
