
Microsoft Visual Studio Solution File, Format Version 12.00
# Visual Studio Version 16
VisualStudioVersion = 16.0.30907.101
MinimumVisualStudioVersion = 10.0.40219.1
Project("{FAE04EC0-301F-11D3-BF4B-00C04F79EFBC}") = "Task1", "Task1.csproj", "{A7D4EB59-592C-4090-9FFB-DABA8D29F0EE}"
EndProject
Global
	GlobalSection(SolutionConfigurationPlatforms) = preSolution
		Debug|Any CPU = Debug|Any CPU
		Release|Any CPU = Release|Any CPU
	EndGlobalSection
	GlobalSection(ProjectConfigurationPlatforms) = postSolution
		{A7D4EB59-592C-4090-9FFB-DABA8D29F0EE}.Debug|Any CPU.ActiveCfg = Debug|Any CPU
		{A7D4EB59-592C-4090-9FFB-DABA8D29F0EE}.Debug|Any CPU.Build.0 = Debug|Any CPU
		{A7D4EB59-592C-4090-9FFB-DABA8D29F0EE}.Release|Any CPU.ActiveCfg = Release|Any CPU
		{A7D4EB59-592C-4090-9FFB-DABA8D29F0EE}.Release|Any CPU.Build.0 = Release|Any CPU
	EndGlobalSection
	GlobalSection(SolutionProperties) = preSolution
		HideSolutionNode = FALSE
	EndGlobalSection
	GlobalSection(ExtensibilityGlobals) = postSolution
		SolutionGuid = {E24F4DC8-52A0-4CE5-80B6-EF82168098A2}
	EndGlobalSection
EndGlobal
